
Microsoft Visual Studio Solution File, Format Version 12.00
# Visual Studio Version 17
VisualStudioVersion = 17.0.31903.59
MinimumVisualStudioVersion = 10.0.40219.1
Project("{2150E333-8FDC-42A3-9474-1A3956D46DE8}") = "src", "src", "{C7B248D0-DE2F-4542-ABC7-581031ECB9A9}"
EndProject
Project("{FAE04EC0-301F-11D3-BF4B-00C04F79EFBC}") = "Maintenance.Domain", "src\Maintenance.Domain\Maintenance.Domain.csproj", "{AF8A86CE-9D39-4456-8605-5BD9BC8E8B83}"
EndProject
Project("{FAE04EC0-301F-11D3-BF4B-00C04F79EFBC}") = "Maintenance.Application", "src\Maintenance.Application\Maintenance.Application.csproj", "{74A0B551-63B7-4CCC-B53B-EBFFF9982A0E}"
EndProject
Project("{FAE04EC0-301F-11D3-BF4B-00C04F79EFBC}") = "Maintenance.Infra.Database", "src\Maintenance.Infra.Database\Maintenance.Infra.Database.csproj", "{683C1F2D-753A-46A4-913D-AEEA1692D62F}"
EndProject
Global
	GlobalSection(SolutionConfigurationPlatforms) = preSolution
		Debug|Any CPU = Debug|Any CPU
		Release|Any CPU = Release|Any CPU
	EndGlobalSection
	GlobalSection(SolutionProperties) = preSolution
		HideSolutionNode = FALSE
	EndGlobalSection
	GlobalSection(ProjectConfigurationPlatforms) = postSolution
		{4B02EBCA-9268-45EE-8C7A-FB06F565115E}.Debug|Any CPU.ActiveCfg = Debug|Any CPU
		{4B02EBCA-9268-45EE-8C7A-FB06F565115E}.Debug|Any CPU.Build.0 = Debug|Any CPU
		{4B02EBCA-9268-45EE-8C7A-FB06F565115E}.Release|Any CPU.ActiveCfg = Release|Any CPU
		{4B02EBCA-9268-45EE-8C7A-FB06F565115E}.Release|Any CPU.Build.0 = Release|Any CPU
		{AF8A86CE-9D39-4456-8605-5BD9BC8E8B83}.Debug|Any CPU.ActiveCfg = Debug|Any CPU
		{AF8A86CE-9D39-4456-8605-5BD9BC8E8B83}.Debug|Any CPU.Build.0 = Debug|Any CPU
		{AF8A86CE-9D39-4456-8605-5BD9BC8E8B83}.Release|Any CPU.ActiveCfg = Release|Any CPU
		{AF8A86CE-9D39-4456-8605-5BD9BC8E8B83}.Release|Any CPU.Build.0 = Release|Any CPU
		{74A0B551-63B7-4CCC-B53B-EBFFF9982A0E}.Debug|Any CPU.ActiveCfg = Debug|Any CPU
		{74A0B551-63B7-4CCC-B53B-EBFFF9982A0E}.Debug|Any CPU.Build.0 = Debug|Any CPU
		{74A0B551-63B7-4CCC-B53B-EBFFF9982A0E}.Release|Any CPU.ActiveCfg = Release|Any CPU
		{74A0B551-63B7-4CCC-B53B-EBFFF9982A0E}.Release|Any CPU.Build.0 = Release|Any CPU
		{683C1F2D-753A-46A4-913D-AEEA1692D62F}.Debug|Any CPU.ActiveCfg = Debug|Any CPU
		{683C1F2D-753A-46A4-913D-AEEA1692D62F}.Debug|Any CPU.Build.0 = Debug|Any CPU
		{683C1F2D-753A-46A4-913D-AEEA1692D62F}.Release|Any CPU.ActiveCfg = Release|Any CPU
		{683C1F2D-753A-46A4-913D-AEEA1692D62F}.Release|Any CPU.Build.0 = Release|Any CPU
	EndGlobalSection
	GlobalSection(NestedProjects) = preSolution
		{AF8A86CE-9D39-4456-8605-5BD9BC8E8B83} = {C7B248D0-DE2F-4542-ABC7-581031ECB9A9}
		{74A0B551-63B7-4CCC-B53B-EBFFF9982A0E} = {C7B248D0-DE2F-4542-ABC7-581031ECB9A9}
		{683C1F2D-753A-46A4-913D-AEEA1692D62F} = {C7B248D0-DE2F-4542-ABC7-581031ECB9A9}
	EndGlobalSection
EndGlobal
